
Microsoft Visual Studio Solution File, Format Version 12.00
# Visual Studio Version 16
VisualStudioVersion = 16.0.30621.155
MinimumVisualStudioVersion = 10.0.40219.1
Project("{8BC9CEB8-8B4A-11D0-8D11-00A0C91BC942}") = "UnitTest5.2", "UnitTest5.2.vcxproj", "{68411BD4-2497-4A25-B885-2C119A971410}"
EndProject
Project("{8BC9CEB8-8B4A-11D0-8D11-00A0C91BC942}") = "lab5.2", "..\lab5.2\lab5.2.vcxproj", "{B2C67755-15C4-4002-B208-D0F922AE16EB}"
EndProject
Global
	GlobalSection(SolutionConfigurationPlatforms) = preSolution
		Debug|x64 = Debug|x64
		Debug|x86 = Debug|x86
		Release|x64 = Release|x64
		Release|x86 = Release|x86
	EndGlobalSection
	GlobalSection(ProjectConfigurationPlatforms) = postSolution
		{68411BD4-2497-4A25-B885-2C119A971410}.Debug|x64.ActiveCfg = Debug|x64
		{68411BD4-2497-4A25-B885-2C119A971410}.Debug|x64.Build.0 = Debug|x64
		{68411BD4-2497-4A25-B885-2C119A971410}.Debug|x86.ActiveCfg = Debug|Win32
		{68411BD4-2497-4A25-B885-2C119A971410}.Debug|x86.Build.0 = Debug|Win32
		{68411BD4-2497-4A25-B885-2C119A971410}.Release|x64.ActiveCfg = Release|x64
		{68411BD4-2497-4A25-B885-2C119A971410}.Release|x64.Build.0 = Release|x64
		{68411BD4-2497-4A25-B885-2C119A971410}.Release|x86.ActiveCfg = Release|Win32
		{68411BD4-2497-4A25-B885-2C119A971410}.Release|x86.Build.0 = Release|Win32
		{B2C67755-15C4-4002-B208-D0F922AE16EB}.Debug|x64.ActiveCfg = Debug|x64
		{B2C67755-15C4-4002-B208-D0F922AE16EB}.Debug|x64.Build.0 = Debug|x64
		{B2C67755-15C4-4002-B208-D0F922AE16EB}.Debug|x86.ActiveCfg = Debug|Win32
		{B2C67755-15C4-4002-B208-D0F922AE16EB}.Debug|x86.Build.0 = Debug|Win32
		{B2C67755-15C4-4002-B208-D0F922AE16EB}.Release|x64.ActiveCfg = Release|x64
		{B2C67755-15C4-4002-B208-D0F922AE16EB}.Release|x64.Build.0 = Release|x64
		{B2C67755-15C4-4002-B208-D0F922AE16EB}.Release|x86.ActiveCfg = Release|Win32
		{B2C67755-15C4-4002-B208-D0F922AE16EB}.Release|x86.Build.0 = Release|Win32
	EndGlobalSection
	GlobalSection(SolutionProperties) = preSolution
		HideSolutionNode = FALSE
	EndGlobalSection
	GlobalSection(ExtensibilityGlobals) = postSolution
		SolutionGuid = {72EB7FAC-3B88-4563-8409-632166F610E9}
	EndGlobalSection
EndGlobal
